// !$*UTF8*$!
{
	archiveVersion = 1;
	classes = {
	};
	objectVersion = 46;
	objects = {

/* Begin PBXBuildFile section */
		7515B7E5A9124C7C8477E99D /* libPods-leowic-3_Labb5.a in Frameworks */ = {isa = PBXBuildFile; fileRef = C26E6E9F888C452EA22B0998 /* libPods-leowic-3_Labb5.a */; };
		D7174DF7187EE5AE00D8DE63 /* STAPNotificationCoordinator.m in Sources */ = {isa = PBXBuildFile; fileRef = D7174DF2187EE5AE00D8DE63 /* STAPNotificationCoordinator.m */; };
		D7174DF8187EE5AE00D8DE63 /* STCoordinatorItem.m in Sources */ = {isa = PBXBuildFile; fileRef = D7174DF4187EE5AE00D8DE63 /* STCoordinatorItem.m */; };
		D7174DF9187EE5AE00D8DE63 /* STNotificationCoordinator.m in Sources */ = {isa = PBXBuildFile; fileRef = D7174DF6187EE5AE00D8DE63 /* STNotificationCoordinator.m */; };
		D7174DFD187EEE4500D8DE63 /* STAPServiceProxy.m in Sources */ = {isa = PBXBuildFile; fileRef = D7174DFC187EEE4500D8DE63 /* STAPServiceProxy.m */; };
		D7174E00187F038B00D8DE63 /* STAPIUpdateAlderspensionRiskProfileHandler.m in Sources */ = {isa = PBXBuildFile; fileRef = D7174DFF187F038B00D8DE63 /* STAPIUpdateAlderspensionRiskProfileHandler.m */; };
		D7188A871885AAE7002A5F2C /* STAPFundObject.m in Sources */ = {isa = PBXBuildFile; fileRef = D7188A861885AAE7002A5F2C /* STAPFundObject.m */; };
		D7188A8A1885AC04002A5F2C /* STAPIGetRecommendationStepHandler.m in Sources */ = {isa = PBXBuildFile; fileRef = D7188A891885AC04002A5F2C /* STAPIGetRecommendationStepHandler.m */; };
		D7375A2B1876BCC800FBED76 /* STServiceConnection.m in Sources */ = {isa = PBXBuildFile; fileRef = D7375A2A1876BCC800FBED76 /* STServiceConnection.m */; };
		D7375A361876D8AA00FBED76 /* logo.png in Resources */ = {isa = PBXBuildFile; fileRef = D7375A351876D8AA00FBED76 /* logo.png */; };
		D7375A3A1876DC3100FBED76 /* STSplashScreenViewController.m in Sources */ = {isa = PBXBuildFile; fileRef = D7375A391876DC3100FBED76 /* STSplashScreenViewController.m */; };
		D7375A451876ECE200FBED76 /* STAPTestUserObject.m in Sources */ = {isa = PBXBuildFile; fileRef = D7375A431876ECE200FBED76 /* STAPTestUserObject.m */; };
		D7375A491876EE5700FBED76 /* STAPIApiAvailableUsersHandler.m in Sources */ = {isa = PBXBuildFile; fileRef = D7375A481876EE5700FBED76 /* STAPIApiAvailableUsersHandler.m */; };
		D7375A4D1877387D00FBED76 /* STAPIApiAuthenticateHandler.m in Sources */ = {isa = PBXBuildFile; fileRef = D7375A4C1877387D00FBED76 /* STAPIApiAuthenticateHandler.m */; };
		D73B0D53187592A40060C666 /* STService.m in Sources */ = {isa = PBXBuildFile; fileRef = D73B0D52187592A40060C666 /* STService.m */; };
		D73FCDB1187557BC00742C26 /* Foundation.framework in Frameworks */ = {isa = PBXBuildFile; fileRef = D73FCDB0187557BC00742C26 /* Foundation.framework */; };
		D73FCDB3187557BC00742C26 /* CoreGraphics.framework in Frameworks */ = {isa = PBXBuildFile; fileRef = D73FCDB2187557BC00742C26 /* CoreGraphics.framework */; };
		D73FCDB5187557BC00742C26 /* UIKit.framework in Frameworks */ = {isa = PBXBuildFile; fileRef = D73FCDB4187557BC00742C26 /* UIKit.framework */; };
		D73FCDB7187557BC00742C26 /* CoreData.framework in Frameworks */ = {isa = PBXBuildFile; fileRef = D73FCDB6187557BC00742C26 /* CoreData.framework */; };
		D73FCDBD187557BC00742C26 /* InfoPlist.strings in Resources */ = {isa = PBXBuildFile; fileRef = D73FCDBB187557BC00742C26 /* InfoPlist.strings */; };
		D73FCDBF187557BC00742C26 /* main.m in Sources */ = {isa = PBXBuildFile; fileRef = D73FCDBE187557BC00742C26 /* main.m */; };
		D73FCDC3187557BC00742C26 /* STAppDelegate.m in Sources */ = {isa = PBXBuildFile; fileRef = D73FCDC2187557BC00742C26 /* STAppDelegate.m */; };
		D73FCDC6187557BC00742C26 /* Main.storyboard in Resources */ = {isa = PBXBuildFile; fileRef = D73FCDC4187557BC00742C26 /* Main.storyboard */; };
		D73FCDC9187557BD00742C26 /* leowic_3_Labb5.xcdatamodeld in Sources */ = {isa = PBXBuildFile; fileRef = D73FCDC7187557BD00742C26 /* leowic_3_Labb5.xcdatamodeld */; };
		D73FCDD1187557BD00742C26 /* Images.xcassets in Resources */ = {isa = PBXBuildFile; fileRef = D73FCDD0187557BD00742C26 /* Images.xcassets */; };
		D73FCDD9187557BD00742C26 /* Foundation.framework in Frameworks */ = {isa = PBXBuildFile; fileRef = D73FCDB0187557BC00742C26 /* Foundation.framework */; };
		D73FCDDA187557BD00742C26 /* UIKit.framework in Frameworks */ = {isa = PBXBuildFile; fileRef = D73FCDB4187557BC00742C26 /* UIKit.framework */; };
		D73FCDDB187557BD00742C26 /* CoreData.framework in Frameworks */ = {isa = PBXBuildFile; fileRef = D73FCDB6187557BC00742C26 /* CoreData.framework */; };
		D74605C318831F81006141B1 /* STSingleChoiceViewController.m in Sources */ = {isa = PBXBuildFile; fileRef = D74605C218831F81006141B1 /* STSingleChoiceViewController.m */; };
		D74605C61883FC60006141B1 /* STActivityQuestionViewController.m in Sources */ = {isa = PBXBuildFile; fileRef = D74605C51883FC60006141B1 /* STActivityQuestionViewController.m */; };
		D7A9194E1878C2AD001707D2 /* STRiskQuestionViewController.m in Sources */ = {isa = PBXBuildFile; fileRef = D7A9194D1878C2AD001707D2 /* STRiskQuestionViewController.m */; };
		D7BD425118849384004BCFB0 /* STAdviceStepViewController.m in Sources */ = {isa = PBXBuildFile; fileRef = D7BD425018849384004BCFB0 /* STAdviceStepViewController.m */; };
		D7BD425418849458004BCFB0 /* STCoordinatedTableViewController.m in Sources */ = {isa = PBXBuildFile; fileRef = D7BD425318849458004BCFB0 /* STCoordinatedTableViewController.m */; };
		D7BD425718849ADC004BCFB0 /* STAPAdviceObject.m in Sources */ = {isa = PBXBuildFile; fileRef = D7BD425618849ADC004BCFB0 /* STAPAdviceObject.m */; };
		D7BD425A18849D21004BCFB0 /* STAPCompanyObject.m in Sources */ = {isa = PBXBuildFile; fileRef = D7BD425918849D21004BCFB0 /* STAPCompanyObject.m */; };
		D7BE20C61886A7BC00CE178B /* PPMHeaderView.xib in Resources */ = {isa = PBXBuildFile; fileRef = D7BE20C51886A7BC00CE178B /* PPMHeaderView.xib */; };
		D7BE20CA1886B34200CE178B /* STFundCell.m in Sources */ = {isa = PBXBuildFile; fileRef = D7BE20C91886B34200CE178B /* STFundCell.m */; };
		D7BE20CD1886D76C00CE178B /* STCompanyDetailsViewController.m in Sources */ = {isa = PBXBuildFile; fileRef = D7BE20CC1886D76C00CE178B /* STCompanyDetailsViewController.m */; };
		D7BE20D01886D8B400CE178B /* STCompanyDetailsTabsViewController.m in Sources */ = {isa = PBXBuildFile; fileRef = D7BE20CF1886D8B400CE178B /* STCompanyDetailsTabsViewController.m */; };
		D7BE20D21886DD5600CE178B /* Localizable.strings in Resources */ = {isa = PBXBuildFile; fileRef = D7BE20D11886DD5600CE178B /* Localizable.strings */; };
		D7BE20D61886E16500CE178B /* Accelerate.framework in Frameworks */ = {isa = PBXBuildFile; fileRef = D7BE20D51886E16500CE178B /* Accelerate.framework */; };
		D7BE21391886EA8D00CE178B /* STAPTradAllocationObject.m in Sources */ = {isa = PBXBuildFile; fileRef = D7BE21381886EA8D00CE178B /* STAPTradAllocationObject.m */; };
		D7BE213D1886F5F300CE178B /* STChartSeries.m in Sources */ = {isa = PBXBuildFile; fileRef = D7BE213C1886F5F300CE178B /* STChartSeries.m */; };
		D7BE2140188713AA00CE178B /* STFundsDetailsViewController.m in Sources */ = {isa = PBXBuildFile; fileRef = D7BE213F188713AA00CE178B /* STFundsDetailsViewController.m */; };
		D7BE21431887250100CE178B /* STFundDetailsViewController.m in Sources */ = {isa = PBXBuildFile; fileRef = D7BE21421887250100CE178B /* STFundDetailsViewController.m */; };
		D7BE214918872C3400CE178B /* STAPFundDataObject.m in Sources */ = {isa = PBXBuildFile; fileRef = D7BE214818872C3400CE178B /* STAPFundDataObject.m */; };
		D7BE214C18872D9400CE178B /* STAPIGetFundDataHandler.m in Sources */ = {isa = PBXBuildFile; fileRef = D7BE214B18872D9400CE178B /* STAPIGetFundDataHandler.m */; };
		D7BE7D4E187D711E00210AB5 /* STAPGuideObject.m in Sources */ = {isa = PBXBuildFile; fileRef = D7BE7D4D187D711E00210AB5 /* STAPGuideObject.m */; };
		D7BE7D51187D752C00210AB5 /* STAPICreateSessionHandler.m in Sources */ = {isa = PBXBuildFile; fileRef = D7BE7D50187D752C00210AB5 /* STAPICreateSessionHandler.m */; };
		D7BE7D54187D798900210AB5 /* STAPRiskProfileObject.m in Sources */ = {isa = PBXBuildFile; fileRef = D7BE7D53187D798900210AB5 /* STAPRiskProfileObject.m */; };
		D7BE7D57187D9AE300210AB5 /* STAPPersonObject.m in Sources */ = {isa = PBXBuildFile; fileRef = D7BE7D56187D9AE300210AB5 /* STAPPersonObject.m */; };
		D7BE7D5A187D9BDE00210AB5 /* STAPPensionObject.m in Sources */ = {isa = PBXBuildFile; fileRef = D7BE7D59187D9BDE00210AB5 /* STAPPensionObject.m */; };
		D7BE7D61187DA19500210AB5 /* STAPNameObject.m in Sources */ = {isa = PBXBuildFile; fileRef = D7BE7D60187DA19500210AB5 /* STAPNameObject.m */; };
		D7CE957018799291006B0B73 /* STServiceCacheConfiguration.m in Sources */ = {isa = PBXBuildFile; fileRef = D7CE956F18799291006B0B73 /* STServiceCacheConfiguration.m */; };
		D7D41D3918895A4900618399 /* STSlideshowView.m in Sources */ = {isa = PBXBuildFile; fileRef = D7D41D3818895A4900618399 /* STSlideshowView.m */; };
		D7D41D3C18895C8500618399 /* STAppearance.m in Sources */ = {isa = PBXBuildFile; fileRef = D7D41D3B18895C8500618399 /* STAppearance.m */; };
		D7D41D41188978CC00618399 /* button-background.png in Resources */ = {isa = PBXBuildFile; fileRef = D7D41D40188978CC00618399 /* button-background.png */; };
		D7D41D4418897AC600618399 /* STButton.m in Sources */ = {isa = PBXBuildFile; fileRef = D7D41D4318897AC600618399 /* STButton.m */; };
		D7D41D46188981CB00618399 /* cell-background.png in Resources */ = {isa = PBXBuildFile; fileRef = D7D41D45188981CB00618399 /* cell-background.png */; };
		D7D41D49188986C400618399 /* STTransparentCell.m in Sources */ = {isa = PBXBuildFile; fileRef = D7D41D48188986C400618399 /* STTransparentCell.m */; };
		D7D41D4C18898B6600618399 /* STQuestionTableView.m in Sources */ = {isa = PBXBuildFile; fileRef = D7D41D4B18898B6600618399 /* STQuestionTableView.m */; };
		D7D5C77818802B64000D2765 /* CoreImage.framework in Frameworks */ = {isa = PBXBuildFile; fileRef = D7D5C77718802B64000D2765 /* CoreImage.framework */; };
		D7D5C77A18802B6D000D2765 /* QuartzCore.framework in Frameworks */ = {isa = PBXBuildFile; fileRef = D7D5C77918802B6D000D2765 /* QuartzCore.framework */; };
		D7D5C77D18803115000D2765 /* STGalleryViewController.m in Sources */ = {isa = PBXBuildFile; fileRef = D7D5C77C18803115000D2765 /* STGalleryViewController.m */; };
		D7D5C77F188036C7000D2765 /* slideshow-background.png in Resources */ = {isa = PBXBuildFile; fileRef = D7D5C77E188036C7000D2765 /* slideshow-background.png */; };
		D7D5C7821880423A000D2765 /* STAPGalleryItemObject.m in Sources */ = {isa = PBXBuildFile; fileRef = D7D5C7811880423A000D2765 /* STAPGalleryItemObject.m */; };
		D7D5C78518804386000D2765 /* Gallery Configuration.plist in Resources */ = {isa = PBXBuildFile; fileRef = D7D5C78418804386000D2765 /* Gallery Configuration.plist */; };
		D7D5C78A1880451D000D2765 /* pension-bildspel-1.png in Resources */ = {isa = PBXBuildFile; fileRef = D7D5C7861880451D000D2765 /* pension-bildspel-1.png */; };
		D7D5C78B1880451D000D2765 /* pension-bildspel-2.png in Resources */ = {isa = PBXBuildFile; fileRef = D7D5C7871880451D000D2765 /* pension-bildspel-2.png */; };
		D7D5C78C1880451D000D2765 /* pension-bildspel-3.png in Resources */ = {isa = PBXBuildFile; fileRef = D7D5C7881880451D000D2765 /* pension-bildspel-3.png */; };
		D7D5C78D1880451D000D2765 /* pension-bildspel-4.png in Resources */ = {isa = PBXBuildFile; fileRef = D7D5C7891880451D000D2765 /* pension-bildspel-4.png */; };
		D7D9E094187C51E40017CA7E /* STCacheItem.m in Sources */ = {isa = PBXBuildFile; fileRef = D7D9E093187C51E40017CA7E /* STCacheItem.m */; };
		D7E75D5C1880A3830063DE67 /* STRiskResultViewController.m in Sources */ = {isa = PBXBuildFile; fileRef = D7E75D5B1880A3830063DE67 /* STRiskResultViewController.m */; };
		D7FAC58418883AE100492F23 /* STModalViewController.m in Sources */ = {isa = PBXBuildFile; fileRef = D7FAC58318883AE100492F23 /* STModalViewController.m */; };
		D7FAC5861888483900492F23 /* ITPHeaderView.xib in Resources */ = {isa = PBXBuildFile; fileRef = D7FAC5851888483900492F23 /* ITPHeaderView.xib */; };
		D7FAC58A1888545000492F23 /* STSummaryViewController.m in Sources */ = {isa = PBXBuildFile; fileRef = D7FAC5891888545000492F23 /* STSummaryViewController.m */; };
		D7FAC58D188868D800492F23 /* STAPCompletedAdviceObject.m in Sources */ = {isa = PBXBuildFile; fileRef = D7FAC58C188868D800492F23 /* STAPCompletedAdviceObject.m */; };
		D7FAC5901888690600492F23 /* STAPICompleteSessionHandler.m in Sources */ = {isa = PBXBuildFile; fileRef = D7FAC58F1888690600492F23 /* STAPICompleteSessionHandler.m */; };
/* End PBXBuildFile section */

/* Begin PBXContainerItemProxy section */
		D73FCDDC187557BD00742C26 /* PBXContainerItemProxy */ = {
			isa = PBXContainerItemProxy;
			containerPortal = D73FCDA5187557BC00742C26 /* Project object */;
			proxyType = 1;
			remoteGlobalIDString = D73FCDAC187557BC00742C26;
			remoteInfo = "leowic-3_Labb5";
		};
/* End PBXContainerItemProxy section */

/* Begin PBXFileReference section */
		C26E6E9F888C452EA22B0998 /* libPods-leowic-3_Labb5.a */ = {isa = PBXFileReference; explicitFileType = archive.ar; includeInIndex = 0; path = "libPods-leowic-3_Labb5.a"; sourceTree = BUILT_PRODUCTS_DIR; };
		CC59262E7E1F4FFD90D532B7 /* Pods-leowic-3_Labb5.xcconfig */ = {isa = PBXFileReference; includeInIndex = 1; lastKnownFileType = text.xcconfig; name = "Pods-leowic-3_Labb5.xcconfig"; path = "Pods/Pods-leowic-3_Labb5.xcconfig"; sourceTree = "<group>"; };
		D7174DF1187EE5AE00D8DE63 /* STAPNotificationCoordinator.h */ = {isa = PBXFileReference; fileEncoding = 4; lastKnownFileType = sourcecode.c.h; path = STAPNotificationCoordinator.h; sourceTree = "<group>"; };
		D7174DF2187EE5AE00D8DE63 /* STAPNotificationCoordinator.m */ = {isa = PBXFileReference; fileEncoding = 4; lastKnownFileType = sourcecode.c.objc; path = STAPNotificationCoordinator.m; sourceTree = "<group>"; };
		D7174DF3187EE5AE00D8DE63 /* STCoordinatorItem.h */ = {isa = PBXFileReference; fileEncoding = 4; lastKnownFileType = sourcecode.c.h; path = STCoordinatorItem.h; sourceTree = "<group>"; };
		D7174DF4187EE5AE00D8DE63 /* STCoordinatorItem.m */ = {isa = PBXFileReference; fileEncoding = 4; lastKnownFileType = sourcecode.c.objc; path = STCoordinatorItem.m; sourceTree = "<group>"; };
		D7174DF5187EE5AE00D8DE63 /* STNotificationCoordinator.h */ = {isa = PBXFileReference; fileEncoding = 4; lastKnownFileType = sourcecode.c.h; path = STNotificationCoordinator.h; sourceTree = "<group>"; };
		D7174DF6187EE5AE00D8DE63 /* STNotificationCoordinator.m */ = {isa = PBXFileReference; fileEncoding = 4; lastKnownFileType = sourcecode.c.objc; path = STNotificationCoordinator.m; sourceTree = "<group>"; };
		D7174DFB187EEE4500D8DE63 /* STAPServiceProxy.h */ = {isa = PBXFileReference; fileEncoding = 4; lastKnownFileType = sourcecode.c.h; path = STAPServiceProxy.h; sourceTree = "<group>"; };
		D7174DFC187EEE4500D8DE63 /* STAPServiceProxy.m */ = {isa = PBXFileReference; fileEncoding = 4; lastKnownFileType = sourcecode.c.objc; path = STAPServiceProxy.m; sourceTree = "<group>"; };
		D7174DFE187F038B00D8DE63 /* STAPIUpdateAlderspensionRiskProfileHandler.h */ = {isa = PBXFileReference; fileEncoding = 4; lastKnownFileType = sourcecode.c.h; path = STAPIUpdateAlderspensionRiskProfileHandler.h; sourceTree = "<group>"; };
		D7174DFF187F038B00D8DE63 /* STAPIUpdateAlderspensionRiskProfileHandler.m */ = {isa = PBXFileReference; fileEncoding = 4; lastKnownFileType = sourcecode.c.objc; path = STAPIUpdateAlderspensionRiskProfileHandler.m; sourceTree = "<group>"; };
		D7188A851885AAE7002A5F2C /* STAPFundObject.h */ = {isa = PBXFileReference; fileEncoding = 4; lastKnownFileType = sourcecode.c.h; path = STAPFundObject.h; sourceTree = "<group>"; };
		D7188A861885AAE7002A5F2C /* STAPFundObject.m */ = {isa = PBXFileReference; fileEncoding = 4; lastKnownFileType = sourcecode.c.objc; path = STAPFundObject.m; sourceTree = "<group>"; };
		D7188A881885AC04002A5F2C /* STAPIGetRecommendationStepHandler.h */ = {isa = PBXFileReference; fileEncoding = 4; lastKnownFileType = sourcecode.c.h; path = STAPIGetRecommendationStepHandler.h; sourceTree = "<group>"; };
		D7188A891885AC04002A5F2C /* STAPIGetRecommendationStepHandler.m */ = {isa = PBXFileReference; fileEncoding = 4; lastKnownFileType = sourcecode.c.objc; path = STAPIGetRecommendationStepHandler.m; sourceTree = "<group>"; };
		D7188A8B1885B7BB002A5F2C /* STAdviceTypeEnum.h */ = {isa = PBXFileReference; lastKnownFileType = sourcecode.c.h; path = STAdviceTypeEnum.h; sourceTree = "<group>"; };
		D7375A291876BCC800FBED76 /* STServiceConnection.h */ = {isa = PBXFileReference; fileEncoding = 4; lastKnownFileType = sourcecode.c.h; path = STServiceConnection.h; sourceTree = "<group>"; };
		D7375A2A1876BCC800FBED76 /* STServiceConnection.m */ = {isa = PBXFileReference; fileEncoding = 4; lastKnownFileType = sourcecode.c.objc; path = STServiceConnection.m; sourceTree = "<group>"; };
		D7375A331876CE3100FBED76 /* STServiceDelegate.h */ = {isa = PBXFileReference; lastKnownFileType = sourcecode.c.h; name = STServiceDelegate.h; path = ../STServiceDelegate.h; sourceTree = "<group>"; };
		D7375A351876D8AA00FBED76 /* logo.png */ = {isa = PBXFileReference; lastKnownFileType = image.png; path = logo.png; sourceTree = "<group>"; };
		D7375A381876DC3100FBED76 /* STSplashScreenViewController.h */ = {isa = PBXFileReference; fileEncoding = 4; lastKnownFileType = sourcecode.c.h; path = STSplashScreenViewController.h; sourceTree = "<group>"; };
		D7375A391876DC3100FBED76 /* STSplashScreenViewController.m */ = {isa = PBXFileReference; fileEncoding = 4; lastKnownFileType = sourcecode.c.objc; path = STSplashScreenViewController.m; sourceTree = "<group>"; };
		D7375A421876ECE200FBED76 /* STAPTestUserObject.h */ = {isa = PBXFileReference; fileEncoding = 4; lastKnownFileType = sourcecode.c.h; path = STAPTestUserObject.h; sourceTree = "<group>"; };
		D7375A431876ECE200FBED76 /* STAPTestUserObject.m */ = {isa = PBXFileReference; fileEncoding = 4; lastKnownFileType = sourcecode.c.objc; path = STAPTestUserObject.m; sourceTree = "<group>"; };
		D7375A471876EE5700FBED76 /* STAPIApiAvailableUsersHandler.h */ = {isa = PBXFileReference; fileEncoding = 4; lastKnownFileType = sourcecode.c.h; path = STAPIApiAvailableUsersHandler.h; sourceTree = "<group>"; };
		D7375A481876EE5700FBED76 /* STAPIApiAvailableUsersHandler.m */ = {isa = PBXFileReference; fileEncoding = 4; lastKnownFileType = sourcecode.c.objc; path = STAPIApiAvailableUsersHandler.m; sourceTree = "<group>"; };
		D7375A4A1876EE6600FBED76 /* STAPIResponseHandler.h */ = {isa = PBXFileReference; lastKnownFileType = sourcecode.c.h; path = STAPIResponseHandler.h; sourceTree = "<group>"; };
		D7375A4B1877387D00FBED76 /* STAPIApiAuthenticateHandler.h */ = {isa = PBXFileReference; fileEncoding = 4; lastKnownFileType = sourcecode.c.h; path = STAPIApiAuthenticateHandler.h; sourceTree = "<group>"; };
		D7375A4C1877387D00FBED76 /* STAPIApiAuthenticateHandler.m */ = {isa = PBXFileReference; fileEncoding = 4; lastKnownFileType = sourcecode.c.objc; path = STAPIApiAuthenticateHandler.m; sourceTree = "<group>"; };
		D73B0D51187592A40060C666 /* STService.h */ = {isa = PBXFileReference; fileEncoding = 4; lastKnownFileType = sourcecode.c.h; path = STService.h; sourceTree = "<group>"; };
		D73B0D52187592A40060C666 /* STService.m */ = {isa = PBXFileReference; fileEncoding = 4; lastKnownFileType = sourcecode.c.objc; path = STService.m; sourceTree = "<group>"; };
		D73FCDAD187557BC00742C26 /* leowic-3_Labb5.app */ = {isa = PBXFileReference; explicitFileType = wrapper.application; includeInIndex = 0; path = "leowic-3_Labb5.app"; sourceTree = BUILT_PRODUCTS_DIR; };
		D73FCDB0187557BC00742C26 /* Foundation.framework */ = {isa = PBXFileReference; lastKnownFileType = wrapper.framework; name = Foundation.framework; path = System/Library/Frameworks/Foundation.framework; sourceTree = SDKROOT; };
		D73FCDB2187557BC00742C26 /* CoreGraphics.framework */ = {isa = PBXFileReference; lastKnownFileType = wrapper.framework; name = CoreGraphics.framework; path = System/Library/Frameworks/CoreGraphics.framework; sourceTree = SDKROOT; };
		D73FCDB4187557BC00742C26 /* UIKit.framework */ = {isa = PBXFileReference; lastKnownFileType = wrapper.framework; name = UIKit.framework; path = System/Library/Frameworks/UIKit.framework; sourceTree = SDKROOT; };
		D73FCDB6187557BC00742C26 /* CoreData.framework */ = {isa = PBXFileReference; lastKnownFileType = wrapper.framework; name = CoreData.framework; path = System/Library/Frameworks/CoreData.framework; sourceTree = SDKROOT; };
		D73FCDBA187557BC00742C26 /* leowic-3_Labb5-Info.plist */ = {isa = PBXFileReference; lastKnownFileType = text.plist.xml; path = "leowic-3_Labb5-Info.plist"; sourceTree = "<group>"; };
		D73FCDBC187557BC00742C26 /* en */ = {isa = PBXFileReference; lastKnownFileType = text.plist.strings; name = en; path = en.lproj/InfoPlist.strings; sourceTree = "<group>"; };
		D73FCDBE187557BC00742C26 /* main.m */ = {isa = PBXFileReference; lastKnownFileType = sourcecode.c.objc; path = main.m; sourceTree = "<group>"; };
		D73FCDC0187557BC00742C26 /* leowic-3_Labb5-Prefix.pch */ = {isa = PBXFileReference; lastKnownFileType = sourcecode.c.h; path = "leowic-3_Labb5-Prefix.pch"; sourceTree = "<group>"; };
		D73FCDC1187557BC00742C26 /* STAppDelegate.h */ = {isa = PBXFileReference; lastKnownFileType = sourcecode.c.h; path = STAppDelegate.h; sourceTree = "<group>"; };
		D73FCDC2187557BC00742C26 /* STAppDelegate.m */ = {isa = PBXFileReference; lastKnownFileType = sourcecode.c.objc; path = STAppDelegate.m; sourceTree = "<group>"; };
		D73FCDC5187557BC00742C26 /* Base */ = {isa = PBXFileReference; lastKnownFileType = file.storyboard; name = Base; path = Base.lproj/Main.storyboard; sourceTree = "<group>"; };
		D73FCDC8187557BD00742C26 /* leowic_3_Labb5.xcdatamodel */ = {isa = PBXFileReference; lastKnownFileType = wrapper.xcdatamodel; path = leowic_3_Labb5.xcdatamodel; sourceTree = "<group>"; };
		D73FCDD0187557BD00742C26 /* Images.xcassets */ = {isa = PBXFileReference; lastKnownFileType = folder.assetcatalog; path = Images.xcassets; sourceTree = "<group>"; };
		D73FCDD6187557BD00742C26 /* leowic-3_Labb5Tests.xctest */ = {isa = PBXFileReference; explicitFileType = wrapper.cfbundle; includeInIndex = 0; path = "leowic-3_Labb5Tests.xctest"; sourceTree = BUILT_PRODUCTS_DIR; };
		D74605C118831F81006141B1 /* STSingleChoiceViewController.h */ = {isa = PBXFileReference; fileEncoding = 4; lastKnownFileType = sourcecode.c.h; path = STSingleChoiceViewController.h; sourceTree = "<group>"; };
		D74605C218831F81006141B1 /* STSingleChoiceViewController.m */ = {isa = PBXFileReference; fileEncoding = 4; lastKnownFileType = sourcecode.c.objc; path = STSingleChoiceViewController.m; sourceTree = "<group>"; };
		D74605C41883FC60006141B1 /* STActivityQuestionViewController.h */ = {isa = PBXFileReference; fileEncoding = 4; lastKnownFileType = sourcecode.c.h; path = STActivityQuestionViewController.h; sourceTree = "<group>"; };
		D74605C51883FC60006141B1 /* STActivityQuestionViewController.m */ = {isa = PBXFileReference; fileEncoding = 4; lastKnownFileType = sourcecode.c.objc; path = STActivityQuestionViewController.m; sourceTree = "<group>"; };
		D74605C7188415F8006141B1 /* STActivityLevelEnum.h */ = {isa = PBXFileReference; lastKnownFileType = sourcecode.c.h; path = STActivityLevelEnum.h; sourceTree = "<group>"; };
		D74605C818841683006141B1 /* STRiskLevelEnum.h */ = {isa = PBXFileReference; lastKnownFileType = sourcecode.c.h; path = STRiskLevelEnum.h; sourceTree = "<group>"; };
		D7A9194C1878C2AD001707D2 /* STRiskQuestionViewController.h */ = {isa = PBXFileReference; fileEncoding = 4; lastKnownFileType = sourcecode.c.h; path = STRiskQuestionViewController.h; sourceTree = "<group>"; };
		D7A9194D1878C2AD001707D2 /* STRiskQuestionViewController.m */ = {isa = PBXFileReference; fileEncoding = 4; lastKnownFileType = sourcecode.c.objc; path = STRiskQuestionViewController.m; sourceTree = "<group>"; };
		D7BD424F18849384004BCFB0 /* STAdviceStepViewController.h */ = {isa = PBXFileReference; fileEncoding = 4; lastKnownFileType = sourcecode.c.h; path = STAdviceStepViewController.h; sourceTree = "<group>"; };
		D7BD425018849384004BCFB0 /* STAdviceStepViewController.m */ = {isa = PBXFileReference; fileEncoding = 4; lastKnownFileType = sourcecode.c.objc; path = STAdviceStepViewController.m; sourceTree = "<group>"; };
		D7BD425218849458004BCFB0 /* STCoordinatedTableViewController.h */ = {isa = PBXFileReference; fileEncoding = 4; lastKnownFileType = sourcecode.c.h; path = STCoordinatedTableViewController.h; sourceTree = "<group>"; };
		D7BD425318849458004BCFB0 /* STCoordinatedTableViewController.m */ = {isa = PBXFileReference; fileEncoding = 4; lastKnownFileType = sourcecode.c.objc; path = STCoordinatedTableViewController.m; sourceTree = "<group>"; };
		D7BD425518849ADC004BCFB0 /* STAPAdviceObject.h */ = {isa = PBXFileReference; fileEncoding = 4; lastKnownFileType = sourcecode.c.h; path = STAPAdviceObject.h; sourceTree = "<group>"; };
		D7BD425618849ADC004BCFB0 /* STAPAdviceObject.m */ = {isa = PBXFileReference; fileEncoding = 4; lastKnownFileType = sourcecode.c.objc; path = STAPAdviceObject.m; sourceTree = "<group>"; };
		D7BD425818849D21004BCFB0 /* STAPCompanyObject.h */ = {isa = PBXFileReference; fileEncoding = 4; lastKnownFileType = sourcecode.c.h; path = STAPCompanyObject.h; sourceTree = "<group>"; };
		D7BD425918849D21004BCFB0 /* STAPCompanyObject.m */ = {isa = PBXFileReference; fileEncoding = 4; lastKnownFileType = sourcecode.c.objc; path = STAPCompanyObject.m; sourceTree = "<group>"; };
		D7BE20C51886A7BC00CE178B /* PPMHeaderView.xib */ = {isa = PBXFileReference; fileEncoding = 4; lastKnownFileType = file.xib; path = PPMHeaderView.xib; sourceTree = "<group>"; };
		D7BE20C81886B34200CE178B /* STFundCell.h */ = {isa = PBXFileReference; fileEncoding = 4; lastKnownFileType = sourcecode.c.h; path = STFundCell.h; sourceTree = "<group>"; };
		D7BE20C91886B34200CE178B /* STFundCell.m */ = {isa = PBXFileReference; fileEncoding = 4; lastKnownFileType = sourcecode.c.objc; path = STFundCell.m; sourceTree = "<group>"; };
		D7BE20CB1886D76C00CE178B /* STCompanyDetailsViewController.h */ = {isa = PBXFileReference; fileEncoding = 4; lastKnownFileType = sourcecode.c.h; path = STCompanyDetailsViewController.h; sourceTree = "<group>"; };
		D7BE20CC1886D76C00CE178B /* STCompanyDetailsViewController.m */ = {isa = PBXFileReference; fileEncoding = 4; lastKnownFileType = sourcecode.c.objc; path = STCompanyDetailsViewController.m; sourceTree = "<group>"; };
		D7BE20CE1886D8B400CE178B /* STCompanyDetailsTabsViewController.h */ = {isa = PBXFileReference; fileEncoding = 4; lastKnownFileType = sourcecode.c.h; path = STCompanyDetailsTabsViewController.h; sourceTree = "<group>"; };
		D7BE20CF1886D8B400CE178B /* STCompanyDetailsTabsViewController.m */ = {isa = PBXFileReference; fileEncoding = 4; lastKnownFileType = sourcecode.c.objc; path = STCompanyDetailsTabsViewController.m; sourceTree = "<group>"; };
		D7BE20D11886DD5600CE178B /* Localizable.strings */ = {isa = PBXFileReference; fileEncoding = 4; lastKnownFileType = text.plist.strings; path = Localizable.strings; sourceTree = "<group>"; };
		D7BE20D51886E16500CE178B /* Accelerate.framework */ = {isa = PBXFileReference; lastKnownFileType = wrapper.framework; name = Accelerate.framework; path = System/Library/Frameworks/Accelerate.framework; sourceTree = SDKROOT; };
		D7BE21371886EA8D00CE178B /* STAPTradAllocationObject.h */ = {isa = PBXFileReference; fileEncoding = 4; lastKnownFileType = sourcecode.c.h; path = STAPTradAllocationObject.h; sourceTree = "<group>"; };
		D7BE21381886EA8D00CE178B /* STAPTradAllocationObject.m */ = {isa = PBXFileReference; fileEncoding = 4; lastKnownFileType = sourcecode.c.objc; path = STAPTradAllocationObject.m; sourceTree = "<group>"; };
		D7BE213B1886F5F300CE178B /* STChartSeries.h */ = {isa = PBXFileReference; fileEncoding = 4; lastKnownFileType = sourcecode.c.h; path = STChartSeries.h; sourceTree = "<group>"; };
		D7BE213C1886F5F300CE178B /* STChartSeries.m */ = {isa = PBXFileReference; fileEncoding = 4; lastKnownFileType = sourcecode.c.objc; path = STChartSeries.m; sourceTree = "<group>"; };
		D7BE213E188713AA00CE178B /* STFundsDetailsViewController.h */ = {isa = PBXFileReference; fileEncoding = 4; lastKnownFileType = sourcecode.c.h; path = STFundsDetailsViewController.h; sourceTree = "<group>"; };
		D7BE213F188713AA00CE178B /* STFundsDetailsViewController.m */ = {isa = PBXFileReference; fileEncoding = 4; lastKnownFileType = sourcecode.c.objc; path = STFundsDetailsViewController.m; sourceTree = "<group>"; };
		D7BE21411887250100CE178B /* STFundDetailsViewController.h */ = {isa = PBXFileReference; fileEncoding = 4; lastKnownFileType = sourcecode.c.h; path = STFundDetailsViewController.h; sourceTree = "<group>"; };
		D7BE21421887250100CE178B /* STFundDetailsViewController.m */ = {isa = PBXFileReference; fileEncoding = 4; lastKnownFileType = sourcecode.c.objc; path = STFundDetailsViewController.m; sourceTree = "<group>"; };
		D7BE214718872C3400CE178B /* STAPFundDataObject.h */ = {isa = PBXFileReference; fileEncoding = 4; lastKnownFileType = sourcecode.c.h; path = STAPFundDataObject.h; sourceTree = "<group>"; };
		D7BE214818872C3400CE178B /* STAPFundDataObject.m */ = {isa = PBXFileReference; fileEncoding = 4; lastKnownFileType = sourcecode.c.objc; path = STAPFundDataObject.m; sourceTree = "<group>"; };
		D7BE214A18872D9400CE178B /* STAPIGetFundDataHandler.h */ = {isa = PBXFileReference; fileEncoding = 4; lastKnownFileType = sourcecode.c.h; path = STAPIGetFundDataHandler.h; sourceTree = "<group>"; };
		D7BE214B18872D9400CE178B /* STAPIGetFundDataHandler.m */ = {isa = PBXFileReference; fileEncoding = 4; lastKnownFileType = sourcecode.c.objc; path = STAPIGetFundDataHandler.m; sourceTree = "<group>"; };
		D7BE7D4C187D711E00210AB5 /* STAPGuideObject.h */ = {isa = PBXFileReference; fileEncoding = 4; lastKnownFileType = sourcecode.c.h; path = STAPGuideObject.h; sourceTree = "<group>"; };
		D7BE7D4D187D711E00210AB5 /* STAPGuideObject.m */ = {isa = PBXFileReference; fileEncoding = 4; lastKnownFileType = sourcecode.c.objc; path = STAPGuideObject.m; sourceTree = "<group>"; };
		D7BE7D4F187D752C00210AB5 /* STAPICreateSessionHandler.h */ = {isa = PBXFileReference; fileEncoding = 4; lastKnownFileType = sourcecode.c.h; path = STAPICreateSessionHandler.h; sourceTree = "<group>"; };
		D7BE7D50187D752C00210AB5 /* STAPICreateSessionHandler.m */ = {isa = PBXFileReference; fileEncoding = 4; lastKnownFileType = sourcecode.c.objc; path = STAPICreateSessionHandler.m; sourceTree = "<group>"; };
		D7BE7D52187D798900210AB5 /* STAPRiskProfileObject.h */ = {isa = PBXFileReference; fileEncoding = 4; lastKnownFileType = sourcecode.c.h; path = STAPRiskProfileObject.h; sourceTree = "<group>"; };
		D7BE7D53187D798900210AB5 /* STAPRiskProfileObject.m */ = {isa = PBXFileReference; fileEncoding = 4; lastKnownFileType = sourcecode.c.objc; path = STAPRiskProfileObject.m; sourceTree = "<group>"; };
		D7BE7D55187D9AE300210AB5 /* STAPPersonObject.h */ = {isa = PBXFileReference; fileEncoding = 4; lastKnownFileType = sourcecode.c.h; path = STAPPersonObject.h; sourceTree = "<group>"; };
		D7BE7D56187D9AE300210AB5 /* STAPPersonObject.m */ = {isa = PBXFileReference; fileEncoding = 4; lastKnownFileType = sourcecode.c.objc; path = STAPPersonObject.m; sourceTree = "<group>"; };
		D7BE7D58187D9BDE00210AB5 /* STAPPensionObject.h */ = {isa = PBXFileReference; fileEncoding = 4; lastKnownFileType = sourcecode.c.h; path = STAPPensionObject.h; sourceTree = "<group>"; };
		D7BE7D59187D9BDE00210AB5 /* STAPPensionObject.m */ = {isa = PBXFileReference; fileEncoding = 4; lastKnownFileType = sourcecode.c.objc; path = STAPPensionObject.m; sourceTree = "<group>"; };
		D7BE7D5C187D9E4D00210AB5 /* STPensionTypeEnum.h */ = {isa = PBXFileReference; fileEncoding = 4; lastKnownFileType = sourcecode.c.h; path = STPensionTypeEnum.h; sourceTree = "<group>"; };
		D7BE7D5F187DA19500210AB5 /* STAPNameObject.h */ = {isa = PBXFileReference; fileEncoding = 4; lastKnownFileType = sourcecode.c.h; path = STAPNameObject.h; sourceTree = "<group>"; };
		D7BE7D60187DA19500210AB5 /* STAPNameObject.m */ = {isa = PBXFileReference; fileEncoding = 4; lastKnownFileType = sourcecode.c.objc; path = STAPNameObject.m; sourceTree = "<group>"; };
		D7CE956E18799291006B0B73 /* STServiceCacheConfiguration.h */ = {isa = PBXFileReference; fileEncoding = 4; lastKnownFileType = sourcecode.c.h; path = STServiceCacheConfiguration.h; sourceTree = "<group>"; };
		D7CE956F18799291006B0B73 /* STServiceCacheConfiguration.m */ = {isa = PBXFileReference; fileEncoding = 4; lastKnownFileType = sourcecode.c.objc; path = STServiceCacheConfiguration.m; sourceTree = "<group>"; };
		D7D41D3718895A4900618399 /* STSlideshowView.h */ = {isa = PBXFileReference; fileEncoding = 4; lastKnownFileType = sourcecode.c.h; path = STSlideshowView.h; sourceTree = "<group>"; };
		D7D41D3818895A4900618399 /* STSlideshowView.m */ = {isa = PBXFileReference; fileEncoding = 4; lastKnownFileType = sourcecode.c.objc; path = STSlideshowView.m; sourceTree = "<group>"; };
		D7D41D3A18895C8500618399 /* STAppearance.h */ = {isa = PBXFileReference; fileEncoding = 4; lastKnownFileType = sourcecode.c.h; path = STAppearance.h; sourceTree = "<group>"; };
		D7D41D3B18895C8500618399 /* STAppearance.m */ = {isa = PBXFileReference; fileEncoding = 4; lastKnownFileType = sourcecode.c.objc; path = STAppearance.m; sourceTree = "<group>"; };
		D7D41D40188978CC00618399 /* button-background.png */ = {isa = PBXFileReference; lastKnownFileType = image.png; path = "button-background.png"; sourceTree = "<group>"; };
		D7D41D4218897AC600618399 /* STButton.h */ = {isa = PBXFileReference; fileEncoding = 4; lastKnownFileType = sourcecode.c.h; path = STButton.h; sourceTree = "<group>"; };
		D7D41D4318897AC600618399 /* STButton.m */ = {isa = PBXFileReference; fileEncoding = 4; lastKnownFileType = sourcecode.c.objc; path = STButton.m; sourceTree = "<group>"; };
		D7D41D45188981CB00618399 /* cell-background.png */ = {isa = PBXFileReference; lastKnownFileType = image.png; path = "cell-background.png"; sourceTree = "<group>"; };
		D7D41D47188986C400618399 /* STTransparentCell.h */ = {isa = PBXFileReference; fileEncoding = 4; lastKnownFileType = sourcecode.c.h; path = STTransparentCell.h; sourceTree = "<group>"; };
		D7D41D48188986C400618399 /* STTransparentCell.m */ = {isa = PBXFileReference; fileEncoding = 4; lastKnownFileType = sourcecode.c.objc; path = STTransparentCell.m; sourceTree = "<group>"; };
		D7D41D4A18898B6600618399 /* STTableView.h */ = {isa = PBXFileReference; fileEncoding = 4; lastKnownFileType = sourcecode.c.h; path = STTableView.h; sourceTree = "<group>"; };
		D7D41D4B18898B6600618399 /* STQuestionTableView.m */ = {isa = PBXFileReference; fileEncoding = 4; lastKnownFileType = sourcecode.c.objc; path = STQuestionTableView.m; sourceTree = "<group>"; };
		D7D5C77718802B64000D2765 /* CoreImage.framework */ = {isa = PBXFileReference; lastKnownFileType = wrapper.framework; name = CoreImage.framework; path = System/Library/Frameworks/CoreImage.framework; sourceTree = SDKROOT; };
		D7D5C77918802B6D000D2765 /* QuartzCore.framework */ = {isa = PBXFileReference; lastKnownFileType = wrapper.framework; name = QuartzCore.framework; path = System/Library/Frameworks/QuartzCore.framework; sourceTree = SDKROOT; };
		D7D5C77B18803115000D2765 /* STGalleryViewController.h */ = {isa = PBXFileReference; fileEncoding = 4; lastKnownFileType = sourcecode.c.h; path = STGalleryViewController.h; sourceTree = "<group>"; };
		D7D5C77C18803115000D2765 /* STGalleryViewController.m */ = {isa = PBXFileReference; fileEncoding = 4; lastKnownFileType = sourcecode.c.objc; path = STGalleryViewController.m; sourceTree = "<group>"; };
		D7D5C77E188036C7000D2765 /* slideshow-background.png */ = {isa = PBXFileReference; lastKnownFileType = image.png; path = "slideshow-background.png"; sourceTree = "<group>"; };
		D7D5C7801880423A000D2765 /* STAPGalleryItemObject.h */ = {isa = PBXFileReference; fileEncoding = 4; lastKnownFileType = sourcecode.c.h; path = STAPGalleryItemObject.h; sourceTree = "<group>"; };
		D7D5C7811880423A000D2765 /* STAPGalleryItemObject.m */ = {isa = PBXFileReference; fileEncoding = 4; lastKnownFileType = sourcecode.c.objc; path = STAPGalleryItemObject.m; sourceTree = "<group>"; };
		D7D5C78418804386000D2765 /* Gallery Configuration.plist */ = {isa = PBXFileReference; fileEncoding = 4; lastKnownFileType = text.plist.xml; path = "Gallery Configuration.plist"; sourceTree = "<group>"; };
		D7D5C7861880451D000D2765 /* pension-bildspel-1.png */ = {isa = PBXFileReference; lastKnownFileType = image.png; path = "pension-bildspel-1.png"; sourceTree = "<group>"; };
		D7D5C7871880451D000D2765 /* pension-bildspel-2.png */ = {isa = PBXFileReference; lastKnownFileType = image.png; path = "pension-bildspel-2.png"; sourceTree = "<group>"; };
		D7D5C7881880451D000D2765 /* pension-bildspel-3.png */ = {isa = PBXFileReference; lastKnownFileType = image.png; path = "pension-bildspel-3.png"; sourceTree = "<group>"; };
		D7D5C7891880451D000D2765 /* pension-bildspel-4.png */ = {isa = PBXFileReference; lastKnownFileType = image.png; path = "pension-bildspel-4.png"; sourceTree = "<group>"; };
		D7D9E092187C51E40017CA7E /* STCacheItem.h */ = {isa = PBXFileReference; fileEncoding = 4; lastKnownFileType = sourcecode.c.h; path = STCacheItem.h; sourceTree = "<group>"; };
		D7D9E093187C51E40017CA7E /* STCacheItem.m */ = {isa = PBXFileReference; fileEncoding = 4; lastKnownFileType = sourcecode.c.objc; path = STCacheItem.m; sourceTree = "<group>"; };
		D7E75D5A1880A3830063DE67 /* STRiskResultViewController.h */ = {isa = PBXFileReference; fileEncoding = 4; lastKnownFileType = sourcecode.c.h; path = STRiskResultViewController.h; sourceTree = "<group>"; };
		D7E75D5B1880A3830063DE67 /* STRiskResultViewController.m */ = {isa = PBXFileReference; fileEncoding = 4; lastKnownFileType = sourcecode.c.objc; path = STRiskResultViewController.m; sourceTree = "<group>"; };
		D7FAC58218883AE100492F23 /* STModalViewController.h */ = {isa = PBXFileReference; fileEncoding = 4; lastKnownFileType = sourcecode.c.h; path = STModalViewController.h; sourceTree = "<group>"; };
		D7FAC58318883AE100492F23 /* STModalViewController.m */ = {isa = PBXFileReference; fileEncoding = 4; lastKnownFileType = sourcecode.c.objc; path = STModalViewController.m; sourceTree = "<group>"; };
		D7FAC5851888483900492F23 /* ITPHeaderView.xib */ = {isa = PBXFileReference; fileEncoding = 4; lastKnownFileType = file.xib; path = ITPHeaderView.xib; sourceTree = "<group>"; };
		D7FAC5881888545000492F23 /* STSummaryViewController.h */ = {isa = PBXFileReference; fileEncoding = 4; lastKnownFileType = sourcecode.c.h; path = STSummaryViewController.h; sourceTree = "<group>"; };
		D7FAC5891888545000492F23 /* STSummaryViewController.m */ = {isa = PBXFileReference; fileEncoding = 4; lastKnownFileType = sourcecode.c.objc; path = STSummaryViewController.m; sourceTree = "<group>"; };
		D7FAC58B188868D800492F23 /* STAPCompletedAdviceObject.h */ = {isa = PBXFileReference; fileEncoding = 4; lastKnownFileType = sourcecode.c.h; path = STAPCompletedAdviceObject.h; sourceTree = "<group>"; };
		D7FAC58C188868D800492F23 /* STAPCompletedAdviceObject.m */ = {isa = PBXFileReference; fileEncoding = 4; lastKnownFileType = sourcecode.c.objc; path = STAPCompletedAdviceObject.m; sourceTree = "<group>"; };
		D7FAC58E1888690600492F23 /* STAPICompleteSessionHandler.h */ = {isa = PBXFileReference; fileEncoding = 4; lastKnownFileType = sourcecode.c.h; path = STAPICompleteSessionHandler.h; sourceTree = "<group>"; };
		D7FAC58F1888690600492F23 /* STAPICompleteSessionHandler.m */ = {isa = PBXFileReference; fileEncoding = 4; lastKnownFileType = sourcecode.c.objc; path = STAPICompleteSessionHandler.m; sourceTree = "<group>"; };
/* End PBXFileReference section */

/* Begin PBXFrameworksBuildPhase section */
		D73FCDAA187557BC00742C26 /* Frameworks */ = {
			isa = PBXFrameworksBuildPhase;
			buildActionMask = 2147483647;
			files = (
				D7BE20D61886E16500CE178B /* Accelerate.framework in Frameworks */,
				D7D5C77A18802B6D000D2765 /* QuartzCore.framework in Frameworks */,
				D7D5C77818802B64000D2765 /* CoreImage.framework in Frameworks */,
				D73FCDB3187557BC00742C26 /* CoreGraphics.framework in Frameworks */,
				D73FCDB7187557BC00742C26 /* CoreData.framework in Frameworks */,
				D73FCDB5187557BC00742C26 /* UIKit.framework in Frameworks */,
				D73FCDB1187557BC00742C26 /* Foundation.framework in Frameworks */,
				7515B7E5A9124C7C8477E99D /* libPods-leowic-3_Labb5.a in Frameworks */,
			);
			runOnlyForDeploymentPostprocessing = 0;
		};
		D73FCDD3187557BD00742C26 /* Frameworks */ = {
			isa = PBXFrameworksBuildPhase;
			buildActionMask = 2147483647;
			files = (
				D73FCDDB187557BD00742C26 /* CoreData.framework in Frameworks */,
				D73FCDDA187557BD00742C26 /* UIKit.framework in Frameworks */,
				D73FCDD9187557BD00742C26 /* Foundation.framework in Frameworks */,
			);
			runOnlyForDeploymentPostprocessing = 0;
		};
/* End PBXFrameworksBuildPhase section */

/* Begin PBXGroup section */
		D7174DF0187EE56C00D8DE63 /* Coordinators */ = {
			isa = PBXGroup;
			children = (
				D7174DF3187EE5AE00D8DE63 /* STCoordinatorItem.h */,
				D7174DF4187EE5AE00D8DE63 /* STCoordinatorItem.m */,
				D7174DF5187EE5AE00D8DE63 /* STNotificationCoordinator.h */,
				D7174DF6187EE5AE00D8DE63 /* STNotificationCoordinator.m */,
				D7174DF1187EE5AE00D8DE63 /* STAPNotificationCoordinator.h */,
				D7174DF2187EE5AE00D8DE63 /* STAPNotificationCoordinator.m */,
			);
			path = Coordinators;
			sourceTree = "<group>";
		};
		D7174DFA187EEE2000D8DE63 /* Proxies */ = {
			isa = PBXGroup;
			children = (
				D7375A331876CE3100FBED76 /* STServiceDelegate.h */,
				D7174DFB187EEE4500D8DE63 /* STAPServiceProxy.h */,
				D7174DFC187EEE4500D8DE63 /* STAPServiceProxy.m */,
			);
			path = Proxies;
			sourceTree = "<group>";
		};
		D7375A341876D88900FBED76 /* Assets */ = {
			isa = PBXGroup;
			children = (
				D7D41D45188981CB00618399 /* cell-background.png */,
				D7BE20C41886A76600CE178B /* Views */,
				D7D5C7861880451D000D2765 /* pension-bildspel-1.png */,
				D7D5C7871880451D000D2765 /* pension-bildspel-2.png */,
				D7D5C7881880451D000D2765 /* pension-bildspel-3.png */,
				D7D5C7891880451D000D2765 /* pension-bildspel-4.png */,
				D7D41D40188978CC00618399 /* button-background.png */,
				D7D5C77E188036C7000D2765 /* slideshow-background.png */,
				D7375A351876D8AA00FBED76 /* logo.png */,
				D7BE20D11886DD5600CE178B /* Localizable.strings */,
			);
			path = Assets;
			sourceTree = "<group>";
		};
		D7375A371876DC1500FBED76 /* Controllers */ = {
			isa = PBXGroup;
			children = (
				D7BE21451887251800CE178B /* Authentication */,
				D7BE21441887250A00CE178B /* Risk assessment */,
				D7BE21461887253E00CE178B /* Recommendations */,
				D7FAC5871888543000492F23 /* Summary */,
				D7BE213A1886F5D900CE178B /* Utility classes */,
				D7D5C77B18803115000D2765 /* STGalleryViewController.h */,
				D7D5C77C18803115000D2765 /* STGalleryViewController.m */,
				D7BD425218849458004BCFB0 /* STCoordinatedTableViewController.h */,
				D7BD425318849458004BCFB0 /* STCoordinatedTableViewController.m */,
			);
			path = Controllers;
			sourceTree = "<group>";
		};
		D7375A3F1876ECE200FBED76 /* Business objects */ = {
			isa = PBXGroup;
			children = (
				D7375A421876ECE200FBED76 /* STAPTestUserObject.h */,
				D7375A431876ECE200FBED76 /* STAPTestUserObject.m */,
				D7BE7D4C187D711E00210AB5 /* STAPGuideObject.h */,
				D7BE7D4D187D711E00210AB5 /* STAPGuideObject.m */,
				D7BE7D52187D798900210AB5 /* STAPRiskProfileObject.h */,
				D7BE7D53187D798900210AB5 /* STAPRiskProfileObject.m */,
				D7BE7D55187D9AE300210AB5 /* STAPPersonObject.h */,
				D7BE7D56187D9AE300210AB5 /* STAPPersonObject.m */,
				D7BE7D58187D9BDE00210AB5 /* STAPPensionObject.h */,
				D7BE7D59187D9BDE00210AB5 /* STAPPensionObject.m */,
				D7BE7D5F187DA19500210AB5 /* STAPNameObject.h */,
				D7BE7D60187DA19500210AB5 /* STAPNameObject.m */,
				D7D5C7801880423A000D2765 /* STAPGalleryItemObject.h */,
				D7D5C7811880423A000D2765 /* STAPGalleryItemObject.m */,
				D7BD425518849ADC004BCFB0 /* STAPAdviceObject.h */,
				D7BD425618849ADC004BCFB0 /* STAPAdviceObject.m */,
				D7BD425818849D21004BCFB0 /* STAPCompanyObject.h */,
				D7BD425918849D21004BCFB0 /* STAPCompanyObject.m */,
				D7BE21371886EA8D00CE178B /* STAPTradAllocationObject.h */,
				D7BE21381886EA8D00CE178B /* STAPTradAllocationObject.m */,
				D7188A851885AAE7002A5F2C /* STAPFundObject.h */,
				D7188A861885AAE7002A5F2C /* STAPFundObject.m */,
				D7BE214718872C3400CE178B /* STAPFundDataObject.h */,
				D7BE214818872C3400CE178B /* STAPFundDataObject.m */,
				D7FAC58B188868D800492F23 /* STAPCompletedAdviceObject.h */,
				D7FAC58C188868D800492F23 /* STAPCompletedAdviceObject.m */,
			);
			path = "Business objects";
			sourceTree = "<group>";
		};
		D7375A461876ED0800FBED76 /* Response handlers */ = {
			isa = PBXGroup;
			children = (
				D7375A4A1876EE6600FBED76 /* STAPIResponseHandler.h */,
				D7375A471876EE5700FBED76 /* STAPIApiAvailableUsersHandler.h */,
				D7375A481876EE5700FBED76 /* STAPIApiAvailableUsersHandler.m */,
				D7375A4B1877387D00FBED76 /* STAPIApiAuthenticateHandler.h */,
				D7375A4C1877387D00FBED76 /* STAPIApiAuthenticateHandler.m */,
				D7BE7D4F187D752C00210AB5 /* STAPICreateSessionHandler.h */,
				D7BE7D50187D752C00210AB5 /* STAPICreateSessionHandler.m */,
				D7174DFE187F038B00D8DE63 /* STAPIUpdateAlderspensionRiskProfileHandler.h */,
				D7174DFF187F038B00D8DE63 /* STAPIUpdateAlderspensionRiskProfileHandler.m */,
				D7188A881885AC04002A5F2C /* STAPIGetRecommendationStepHandler.h */,
				D7188A891885AC04002A5F2C /* STAPIGetRecommendationStepHandler.m */,
				D7BE214A18872D9400CE178B /* STAPIGetFundDataHandler.h */,
				D7BE214B18872D9400CE178B /* STAPIGetFundDataHandler.m */,
				D7FAC58E1888690600492F23 /* STAPICompleteSessionHandler.h */,
				D7FAC58F1888690600492F23 /* STAPICompleteSessionHandler.m */,
			);
			path = "Response handlers";
			sourceTree = "<group>";
		};
		D73B0D501875924F0060C666 /* Service integration */ = {
			isa = PBXGroup;
			children = (
				D7174DF0187EE56C00D8DE63 /* Coordinators */,
				D7D9E095187C51F10017CA7E /* Cache */,
				D7375A3F1876ECE200FBED76 /* Business objects */,
				D7375A461876ED0800FBED76 /* Response handlers */,
				D7174DFA187EEE2000D8DE63 /* Proxies */,
				D7375A291876BCC800FBED76 /* STServiceConnection.h */,
				D7375A2A1876BCC800FBED76 /* STServiceConnection.m */,
				D73B0D51187592A40060C666 /* STService.h */,
				D73B0D52187592A40060C666 /* STService.m */,
			);
			path = "Service integration";
			sourceTree = "<group>";
		};
		D73FCDA4187557BC00742C26 = {
			isa = PBXGroup;
			children = (
				D73FCDB8187557BC00742C26 /* leowic-3_Labb5 */,
				D73FCDAF187557BC00742C26 /* Frameworks */,
				D73FCDAE187557BC00742C26 /* Products */,
				CC59262E7E1F4FFD90D532B7 /* Pods-leowic-3_Labb5.xcconfig */,
			);
			sourceTree = "<group>";
		};
		D73FCDAE187557BC00742C26 /* Products */ = {
			isa = PBXGroup;
			children = (
				D73FCDAD187557BC00742C26 /* leowic-3_Labb5.app */,
				D73FCDD6187557BD00742C26 /* leowic-3_Labb5Tests.xctest */,
			);
			name = Products;
			sourceTree = "<group>";
		};
		D73FCDAF187557BC00742C26 /* Frameworks */ = {
			isa = PBXGroup;
			children = (
				D7BE20D51886E16500CE178B /* Accelerate.framework */,
				D7D5C77918802B6D000D2765 /* QuartzCore.framework */,
				D7D5C77718802B64000D2765 /* CoreImage.framework */,
				D73FCDB0187557BC00742C26 /* Foundation.framework */,
				D73FCDB2187557BC00742C26 /* CoreGraphics.framework */,
				D73FCDB4187557BC00742C26 /* UIKit.framework */,
				D73FCDB6187557BC00742C26 /* CoreData.framework */,
				C26E6E9F888C452EA22B0998 /* libPods-leowic-3_Labb5.a */,
			);
			name = Frameworks;
			sourceTree = "<group>";
		};
		D73FCDB8187557BC00742C26 /* leowic-3_Labb5 */ = {
			isa = PBXGroup;
			children = (
				D7D5C7831880434D000D2765 /* Configuration */,
				D7375A341876D88900FBED76 /* Assets */,
				D7375A371876DC1500FBED76 /* Controllers */,
				D7BE7D5B187D9E3500210AB5 /* Enumerations */,
				D73B0D501875924F0060C666 /* Service integration */,
				D7BE20C71886B2AE00CE178B /* Views */,
				D73FCDC1187557BC00742C26 /* STAppDelegate.h */,
				D73FCDC2187557BC00742C26 /* STAppDelegate.m */,
				D73FCDC4187557BC00742C26 /* Main.storyboard */,
				D73FCDD0187557BD00742C26 /* Images.xcassets */,
				D73FCDC7187557BD00742C26 /* leowic_3_Labb5.xcdatamodeld */,
				D73FCDB9187557BC00742C26 /* Supporting Files */,
			);
			path = "leowic-3_Labb5";
			sourceTree = "<group>";
		};
		D73FCDB9187557BC00742C26 /* Supporting Files */ = {
			isa = PBXGroup;
			children = (
				D73FCDBA187557BC00742C26 /* leowic-3_Labb5-Info.plist */,
				D73FCDBB187557BC00742C26 /* InfoPlist.strings */,
				D73FCDBE187557BC00742C26 /* main.m */,
				D73FCDC0187557BC00742C26 /* leowic-3_Labb5-Prefix.pch */,
			);
			name = "Supporting Files";
			sourceTree = "<group>";
		};
		D7BE20C41886A76600CE178B /* Views */ = {
			isa = PBXGroup;
			children = (
				D7FAC5851888483900492F23 /* ITPHeaderView.xib */,
				D7BE20C51886A7BC00CE178B /* PPMHeaderView.xib */,
			);
			path = Views;
			sourceTree = "<group>";
		};
		D7BE20C71886B2AE00CE178B /* Views */ = {
			isa = PBXGroup;
			children = (
				D7BE20C81886B34200CE178B /* STFundCell.h */,
				D7BE20C91886B34200CE178B /* STFundCell.m */,
				D7D41D3718895A4900618399 /* STSlideshowView.h */,
				D7D41D3818895A4900618399 /* STSlideshowView.m */,
				D7D41D4218897AC600618399 /* STButton.h */,
				D7D41D4318897AC600618399 /* STButton.m */,
				D7D41D47188986C400618399 /* STTransparentCell.h */,
				D7D41D48188986C400618399 /* STTransparentCell.m */,
				D7D41D4A18898B6600618399 /* STTableView.h */,
				D7D41D4B18898B6600618399 /* STQuestionTableView.m */,
			);
			path = Views;
			sourceTree = "<group>";
		};
		D7BE213A1886F5D900CE178B /* Utility classes */ = {
			isa = PBXGroup;
			children = (
				D7BE213B1886F5F300CE178B /* STChartSeries.h */,
				D7BE213C1886F5F300CE178B /* STChartSeries.m */,
			);
			path = "Utility classes";
			sourceTree = "<group>";
		};
		D7BE21441887250A00CE178B /* Risk assessment */ = {
			isa = PBXGroup;
			children = (
				D74605C118831F81006141B1 /* STSingleChoiceViewController.h */,
				D74605C218831F81006141B1 /* STSingleChoiceViewController.m */,
				D7A9194C1878C2AD001707D2 /* STRiskQuestionViewController.h */,
				D7A9194D1878C2AD001707D2 /* STRiskQuestionViewController.m */,
				D7E75D5A1880A3830063DE67 /* STRiskResultViewController.h */,
				D7E75D5B1880A3830063DE67 /* STRiskResultViewController.m */,
				D74605C41883FC60006141B1 /* STActivityQuestionViewController.h */,
				D74605C51883FC60006141B1 /* STActivityQuestionViewController.m */,
			);
			name = "Risk assessment";
			sourceTree = "<group>";
		};
		D7BE21451887251800CE178B /* Authentication */ = {
			isa = PBXGroup;
			children = (
				D7375A381876DC3100FBED76 /* STSplashScreenViewController.h */,
				D7375A391876DC3100FBED76 /* STSplashScreenViewController.m */,
			);
			name = Authentication;
			sourceTree = "<group>";
		};
		D7BE21461887253E00CE178B /* Recommendations */ = {
			isa = PBXGroup;
			children = (
				D7FAC58118883AC400492F23 /* Details */,
				D7BD424F18849384004BCFB0 /* STAdviceStepViewController.h */,
				D7BD425018849384004BCFB0 /* STAdviceStepViewController.m */,
			);
			name = Recommendations;
			sourceTree = "<group>";
		};
		D7BE7D5B187D9E3500210AB5 /* Enumerations */ = {
			isa = PBXGroup;
			children = (
				D7BE7D5C187D9E4D00210AB5 /* STPensionTypeEnum.h */,
				D74605C7188415F8006141B1 /* STActivityLevelEnum.h */,
				D74605C818841683006141B1 /* STRiskLevelEnum.h */,
				D7188A8B1885B7BB002A5F2C /* STAdviceTypeEnum.h */,
			);
			path = Enumerations;
			sourceTree = "<group>";
		};
		D7D5C7831880434D000D2765 /* Configuration */ = {
			isa = PBXGroup;
			children = (
				D7D5C78418804386000D2765 /* Gallery Configuration.plist */,
				D7D41D3A18895C8500618399 /* STAppearance.h */,
				D7D41D3B18895C8500618399 /* STAppearance.m */,
			);
			path = Configuration;
			sourceTree = "<group>";
		};
		D7D9E095187C51F10017CA7E /* Cache */ = {
			isa = PBXGroup;
			children = (
				D7CE956E18799291006B0B73 /* STServiceCacheConfiguration.h */,
				D7CE956F18799291006B0B73 /* STServiceCacheConfiguration.m */,
				D7D9E092187C51E40017CA7E /* STCacheItem.h */,
				D7D9E093187C51E40017CA7E /* STCacheItem.m */,
			);
			name = Cache;
			sourceTree = "<group>";
		};
		D7FAC58118883AC400492F23 /* Details */ = {
			isa = PBXGroup;
			children = (
				D7FAC58218883AE100492F23 /* STModalViewController.h */,
				D7FAC58318883AE100492F23 /* STModalViewController.m */,
				D7BE20CE1886D8B400CE178B /* STCompanyDetailsTabsViewController.h */,
				D7BE20CF1886D8B400CE178B /* STCompanyDetailsTabsViewController.m */,
				D7BE20CB1886D76C00CE178B /* STCompanyDetailsViewController.h */,
				D7BE20CC1886D76C00CE178B /* STCompanyDetailsViewController.m */,
				D7BE213E188713AA00CE178B /* STFundsDetailsViewController.h */,
				D7BE213F188713AA00CE178B /* STFundsDetailsViewController.m */,
				D7BE21411887250100CE178B /* STFundDetailsViewController.h */,
				D7BE21421887250100CE178B /* STFundDetailsViewController.m */,
			);
			name = Details;
			sourceTree = "<group>";
		};
		D7FAC5871888543000492F23 /* Summary */ = {
			isa = PBXGroup;
			children = (
				D7FAC5881888545000492F23 /* STSummaryViewController.h */,
				D7FAC5891888545000492F23 /* STSummaryViewController.m */,
			);
			name = Summary;
			sourceTree = "<group>";
		};
/* End PBXGroup section */

/* Begin PBXNativeTarget section */
		D73FCDAC187557BC00742C26 /* leowic-3_Labb5 */ = {
			isa = PBXNativeTarget;
			buildConfigurationList = D73FCDE8187557BD00742C26 /* Build configuration list for PBXNativeTarget "leowic-3_Labb5" */;
			buildPhases = (
				69B5243CE3294CE19815D23C /* Check Pods Manifest.lock */,
				D73FCDA9187557BC00742C26 /* Sources */,
				D73FCDAA187557BC00742C26 /* Frameworks */,
				D73FCDAB187557BC00742C26 /* Resources */,
				A4680D38A49748759BD666AF /* Copy Pods Resources */,
			);
			buildRules = (
			);
			dependencies = (
			);
			name = "leowic-3_Labb5";
			productName = "leowic-3_Labb5";
			productReference = D73FCDAD187557BC00742C26 /* leowic-3_Labb5.app */;
			productType = "com.apple.product-type.application";
		};
		D73FCDD5187557BD00742C26 /* leowic-3_Labb5Tests */ = {
			isa = PBXNativeTarget;
			buildConfigurationList = D73FCDEB187557BD00742C26 /* Build configuration list for PBXNativeTarget "leowic-3_Labb5Tests" */;
			buildPhases = (
				D73FCDD2187557BD00742C26 /* Sources */,
				D73FCDD3187557BD00742C26 /* Frameworks */,
				D73FCDD4187557BD00742C26 /* Resources */,
			);
			buildRules = (
			);
			dependencies = (
				D73FCDDD187557BD00742C26 /* PBXTargetDependency */,
			);
			name = "leowic-3_Labb5Tests";
			productName = "leowic-3_Labb5Tests";
			productReference = D73FCDD6187557BD00742C26 /* leowic-3_Labb5Tests.xctest */;
			productType = "com.apple.product-type.bundle.unit-test";
		};
/* End PBXNativeTarget section */

/* Begin PBXProject section */
		D73FCDA5187557BC00742C26 /* Project object */ = {
			isa = PBXProject;
			attributes = {
				CLASSPREFIX = ST;
				LastUpgradeCheck = 0500;
				ORGANIZATIONNAME = "Softronic AB";
				TargetAttributes = {
					D73FCDD5187557BD00742C26 = {
						TestTargetID = D73FCDAC187557BC00742C26;
					};
				};
			};
			buildConfigurationList = D73FCDA8187557BC00742C26 /* Build configuration list for PBXProject "leowic-3_Labb5" */;
			compatibilityVersion = "Xcode 3.2";
			developmentRegion = English;
			hasScannedForEncodings = 0;
			knownRegions = (
				en,
				Base,
			);
			mainGroup = D73FCDA4187557BC00742C26;
			productRefGroup = D73FCDAE187557BC00742C26 /* Products */;
			projectDirPath = "";
			projectRoot = "";
			targets = (
				D73FCDAC187557BC00742C26 /* leowic-3_Labb5 */,
				D73FCDD5187557BD00742C26 /* leowic-3_Labb5Tests */,
			);
		};
/* End PBXProject section */

/* Begin PBXResourcesBuildPhase section */
		D73FCDAB187557BC00742C26 /* Resources */ = {
			isa = PBXResourcesBuildPhase;
			buildActionMask = 2147483647;
			files = (
				D7D5C78C1880451D000D2765 /* pension-bildspel-3.png in Resources */,
				D7BE20D21886DD5600CE178B /* Localizable.strings in Resources */,
				D7375A361876D8AA00FBED76 /* logo.png in Resources */,
				D7BE20C61886A7BC00CE178B /* PPMHeaderView.xib in Resources */,
				D7D5C78D1880451D000D2765 /* pension-bildspel-4.png in Resources */,
				D73FCDD1187557BD00742C26 /* Images.xcassets in Resources */,
				D7D5C78B1880451D000D2765 /* pension-bildspel-2.png in Resources */,
				D7D41D41188978CC00618399 /* button-background.png in Resources */,
				D7FAC5861888483900492F23 /* ITPHeaderView.xib in Resources */,
				D73FCDBD187557BC00742C26 /* InfoPlist.strings in Resources */,
				D73FCDC6187557BC00742C26 /* Main.storyboard in Resources */,
				D7D5C78518804386000D2765 /* Gallery Configuration.plist in Resources */,
				D7D5C77F188036C7000D2765 /* slideshow-background.png in Resources */,
				D7D41D46188981CB00618399 /* cell-background.png in Resources */,
				D7D5C78A1880451D000D2765 /* pension-bildspel-1.png in Resources */,
			);
			runOnlyForDeploymentPostprocessing = 0;
		};
		D73FCDD4187557BD00742C26 /* Resources */ = {
			isa = PBXResourcesBuildPhase;
			buildActionMask = 2147483647;
			files = (
			);
			runOnlyForDeploymentPostprocessing = 0;
		};
/* End PBXResourcesBuildPhase section */

/* Begin PBXShellScriptBuildPhase section */
		69B5243CE3294CE19815D23C /* Check Pods Manifest.lock */ = {
			isa = PBXShellScriptBuildPhase;
			buildActionMask = 2147483647;
			files = (
			);
			inputPaths = (
			);
			name = "Check Pods Manifest.lock";
			outputPaths = (
			);
			runOnlyForDeploymentPostprocessing = 0;
			shellPath = /bin/sh;
			shellScript = "diff \"${PODS_ROOT}/../Podfile.lock\" \"${PODS_ROOT}/Manifest.lock\" > /dev/null\nif [[ $? != 0 ]] ; then\n    cat << EOM\nerror: The sandbox is not in sync with the Podfile.lock. Run 'pod install' or update your CocoaPods installation.\nEOM\n    exit 1\nfi\n";
			showEnvVarsInLog = 0;
		};
		A4680D38A49748759BD666AF /* Copy Pods Resources */ = {
			isa = PBXShellScriptBuildPhase;
			buildActionMask = 2147483647;
			files = (
			);
			inputPaths = (
			);
			name = "Copy Pods Resources";
			outputPaths = (
			);
			runOnlyForDeploymentPostprocessing = 0;
			shellPath = /bin/sh;
			shellScript = "\"${SRCROOT}/Pods/Pods-leowic-3_Labb5-resources.sh\"\n";
			showEnvVarsInLog = 0;
		};
/* End PBXShellScriptBuildPhase section */

/* Begin PBXSourcesBuildPhase section */
		D73FCDA9187557BC00742C26 /* Sources */ = {
			isa = PBXSourcesBuildPhase;
			buildActionMask = 2147483647;
			files = (
				D7BE20CA1886B34200CE178B /* STFundCell.m in Sources */,
				D7A9194E1878C2AD001707D2 /* STRiskQuestionViewController.m in Sources */,
				D7D41D4C18898B6600618399 /* STQuestionTableView.m in Sources */,
				D7BE7D54187D798900210AB5 /* STAPRiskProfileObject.m in Sources */,
				D7D41D3C18895C8500618399 /* STAppearance.m in Sources */,
				D7BE214C18872D9400CE178B /* STAPIGetFundDataHandler.m in Sources */,
				D7188A8A1885AC04002A5F2C /* STAPIGetRecommendationStepHandler.m in Sources */,
				D7BE7D61187DA19500210AB5 /* STAPNameObject.m in Sources */,
				D7BE2140188713AA00CE178B /* STFundsDetailsViewController.m in Sources */,
				D7375A3A1876DC3100FBED76 /* STSplashScreenViewController.m in Sources */,
				D7375A2B1876BCC800FBED76 /* STServiceConnection.m in Sources */,
				D7D5C7821880423A000D2765 /* STAPGalleryItemObject.m in Sources */,
				D7D9E094187C51E40017CA7E /* STCacheItem.m in Sources */,
				D7174E00187F038B00D8DE63 /* STAPIUpdateAlderspensionRiskProfileHandler.m in Sources */,
				D7BE7D5A187D9BDE00210AB5 /* STAPPensionObject.m in Sources */,
				D74605C61883FC60006141B1 /* STActivityQuestionViewController.m in Sources */,
				D7174DF9187EE5AE00D8DE63 /* STNotificationCoordinator.m in Sources */,
				D7BE7D57187D9AE300210AB5 /* STAPPersonObject.m in Sources */,
				D7BE21431887250100CE178B /* STFundDetailsViewController.m in Sources */,
				D7188A871885AAE7002A5F2C /* STAPFundObject.m in Sources */,
				D7BD425118849384004BCFB0 /* STAdviceStepViewController.m in Sources */,
				D73FCDBF187557BC00742C26 /* main.m in Sources */,
				D74605C318831F81006141B1 /* STSingleChoiceViewController.m in Sources */,
				D73FCDC3187557BC00742C26 /* STAppDelegate.m in Sources */,
				D7CE957018799291006B0B73 /* STServiceCacheConfiguration.m in Sources */,
				D7BE214918872C3400CE178B /* STAPFundDataObject.m in Sources */,
				D7174DF7187EE5AE00D8DE63 /* STAPNotificationCoordinator.m in Sources */,
				D7BE20D01886D8B400CE178B /* STCompanyDetailsTabsViewController.m in Sources */,
				D7FAC58D188868D800492F23 /* STAPCompletedAdviceObject.m in Sources */,
				D7375A491876EE5700FBED76 /* STAPIApiAvailableUsersHandler.m in Sources */,
				D7FAC5901888690600492F23 /* STAPICompleteSessionHandler.m in Sources */,
				D7BD425418849458004BCFB0 /* STCoordinatedTableViewController.m in Sources */,
				D7D5C77D18803115000D2765 /* STGalleryViewController.m in Sources */,
				D7FAC58418883AE100492F23 /* STModalViewController.m in Sources */,
				D7D41D3918895A4900618399 /* STSlideshowView.m in Sources */,
				D7BE7D51187D752C00210AB5 /* STAPICreateSessionHandler.m in Sources */,
				D7174DF8187EE5AE00D8DE63 /* STCoordinatorItem.m in Sources */,
				D7BD425A18849D21004BCFB0 /* STAPCompanyObject.m in Sources */,
				D7E75D5C1880A3830063DE67 /* STRiskResultViewController.m in Sources */,
				D7174DFD187EEE4500D8DE63 /* STAPServiceProxy.m in Sources */,
				D7375A4D1877387D00FBED76 /* STAPIApiAuthenticateHandler.m in Sources */,
				D73B0D53187592A40060C666 /* STService.m in Sources */,
				D7BE7D4E187D711E00210AB5 /* STAPGuideObject.m in Sources */,
				D7BE20CD1886D76C00CE178B /* STCompanyDetailsViewController.m in Sources */,
				D7BD425718849ADC004BCFB0 /* STAPAdviceObject.m in Sources */,
				D7BE213D1886F5F300CE178B /* STChartSeries.m in Sources */,
				D7D41D49188986C400618399 /* STTransparentCell.m in Sources */,
				D73FCDC9187557BD00742C26 /* leowic_3_Labb5.xcdatamodeld in Sources */,
				D7375A451876ECE200FBED76 /* STAPTestUserObject.m in Sources */,
				D7FAC58A1888545000492F23 /* STSummaryViewController.m in Sources */,
				D7D41D4418897AC600618399 /* STButton.m in Sources */,
				D7BE21391886EA8D00CE178B /* STAPTradAllocationObject.m in Sources */,
			);
			runOnlyForDeploymentPostprocessing = 0;
		};
		D73FCDD2187557BD00742C26 /* Sources */ = {
			isa = PBXSourcesBuildPhase;
			buildActionMask = 2147483647;
			files = (
			);
			runOnlyForDeploymentPostprocessing = 0;
		};
/* End PBXSourcesBuildPhase section */

/* Begin PBXTargetDependency section */
		D73FCDDD187557BD00742C26 /* PBXTargetDependency */ = {
			isa = PBXTargetDependency;
			target = D73FCDAC187557BC00742C26 /* leowic-3_Labb5 */;
			targetProxy = D73FCDDC187557BD00742C26 /* PBXContainerItemProxy */;
		};
/* End PBXTargetDependency section */

/* Begin PBXVariantGroup section */
		D73FCDBB187557BC00742C26 /* InfoPlist.strings */ = {
			isa = PBXVariantGroup;
			children = (
				D73FCDBC187557BC00742C26 /* en */,
			);
			name = InfoPlist.strings;
			sourceTree = "<group>";
		};
		D73FCDC4187557BC00742C26 /* Main.storyboard */ = {
			isa = PBXVariantGroup;
			children = (
				D73FCDC5187557BC00742C26 /* Base */,
			);
			name = Main.storyboard;
			sourceTree = "<group>";
		};
/* End PBXVariantGroup section */

/* Begin XCBuildConfiguration section */
		D73FCDE6187557BD00742C26 /* Debug */ = {
			isa = XCBuildConfiguration;
			buildSettings = {
				ALWAYS_SEARCH_USER_PATHS = NO;
				ARCHS = "$(ARCHS_STANDARD_INCLUDING_64_BIT)";
				CLANG_CXX_LANGUAGE_STANDARD = "gnu++0x";
				CLANG_CXX_LIBRARY = "libc++";
				CLANG_ENABLE_MODULES = YES;
				CLANG_ENABLE_OBJC_ARC = YES;
				CLANG_WARN_BOOL_CONVERSION = YES;
				CLANG_WARN_CONSTANT_CONVERSION = YES;
				CLANG_WARN_DIRECT_OBJC_ISA_USAGE = YES_ERROR;
				CLANG_WARN_EMPTY_BODY = YES;
				CLANG_WARN_ENUM_CONVERSION = YES;
				CLANG_WARN_INT_CONVERSION = YES;
				CLANG_WARN_OBJC_ROOT_CLASS = YES_ERROR;
				CLANG_WARN__DUPLICATE_METHOD_MATCH = YES;
				"CODE_SIGN_IDENTITY[sdk=iphoneos*]" = "iPhone Developer";
				COPY_PHASE_STRIP = NO;
				GCC_C_LANGUAGE_STANDARD = gnu99;
				GCC_DYNAMIC_NO_PIC = NO;
				GCC_OPTIMIZATION_LEVEL = 0;
				GCC_PREPROCESSOR_DEFINITIONS = (
					"DEBUG=1",
					"$(inherited)",
				);
				GCC_SYMBOLS_PRIVATE_EXTERN = NO;
				GCC_WARN_64_TO_32_BIT_CONVERSION = YES;
				GCC_WARN_ABOUT_RETURN_TYPE = YES_ERROR;
				GCC_WARN_UNDECLARED_SELECTOR = YES;
				GCC_WARN_UNINITIALIZED_AUTOS = YES;
				GCC_WARN_UNUSED_FUNCTION = YES;
				GCC_WARN_UNUSED_VARIABLE = YES;
				IPHONEOS_DEPLOYMENT_TARGET = 7.0;
				ONLY_ACTIVE_ARCH = YES;
				SDKROOT = iphoneos;
			};
			name = Debug;
		};
		D73FCDE7187557BD00742C26 /* Release */ = {
			isa = XCBuildConfiguration;
			buildSettings = {
				ALWAYS_SEARCH_USER_PATHS = NO;
				ARCHS = "$(ARCHS_STANDARD_INCLUDING_64_BIT)";
				CLANG_CXX_LANGUAGE_STANDARD = "gnu++0x";
				CLANG_CXX_LIBRARY = "libc++";
				CLANG_ENABLE_MODULES = YES;
				CLANG_ENABLE_OBJC_ARC = YES;
				CLANG_WARN_BOOL_CONVERSION = YES;
				CLANG_WARN_CONSTANT_CONVERSION = YES;
				CLANG_WARN_DIRECT_OBJC_ISA_USAGE = YES_ERROR;
				CLANG_WARN_EMPTY_BODY = YES;
				CLANG_WARN_ENUM_CONVERSION = YES;
				CLANG_WARN_INT_CONVERSION = YES;
				CLANG_WARN_OBJC_ROOT_CLASS = YES_ERROR;
				CLANG_WARN__DUPLICATE_METHOD_MATCH = YES;
				"CODE_SIGN_IDENTITY[sdk=iphoneos*]" = "iPhone Developer";
				COPY_PHASE_STRIP = YES;
				ENABLE_NS_ASSERTIONS = NO;
				GCC_C_LANGUAGE_STANDARD = gnu99;
				GCC_WARN_64_TO_32_BIT_CONVERSION = YES;
				GCC_WARN_ABOUT_RETURN_TYPE = YES_ERROR;
				GCC_WARN_UNDECLARED_SELECTOR = YES;
				GCC_WARN_UNINITIALIZED_AUTOS = YES;
				GCC_WARN_UNUSED_FUNCTION = YES;
				GCC_WARN_UNUSED_VARIABLE = YES;
				IPHONEOS_DEPLOYMENT_TARGET = 7.0;
				SDKROOT = iphoneos;
				VALIDATE_PRODUCT = YES;
			};
			name = Release;
		};
		D73FCDE9187557BD00742C26 /* Debug */ = {
			isa = XCBuildConfiguration;
			baseConfigurationReference = CC59262E7E1F4FFD90D532B7 /* Pods-leowic-3_Labb5.xcconfig */;
			buildSettings = {
				ASSETCATALOG_COMPILER_APPICON_NAME = AppIcon;
				ASSETCATALOG_COMPILER_LAUNCHIMAGE_NAME = LaunchImage;
				FRAMEWORK_SEARCH_PATHS = "$(inherited)";
				GCC_PRECOMPILE_PREFIX_HEADER = YES;
				GCC_PREFIX_HEADER = "leowic-3_Labb5/leowic-3_Labb5-Prefix.pch";
				INFOPLIST_FILE = "leowic-3_Labb5/leowic-3_Labb5-Info.plist";
				LIBRARY_SEARCH_PATHS = (
					"$(inherited)",
					"$(USER_LIBRARY_DIR)/Developer/Xcode/DerivedData/CoreParse-basupsnckqucnvbcvcypnchrywzf/Build/Products/Release-iphoneos",
				);
				OTHER_LDFLAGS = "-ObjC";
				PRODUCT_NAME = "$(TARGET_NAME)";
				TARGETED_DEVICE_FAMILY = 1;
				WRAPPER_EXTENSION = app;
			};
			name = Debug;
		};
		D73FCDEA187557BD00742C26 /* Release */ = {
			isa = XCBuildConfiguration;
			baseConfigurationReference = CC59262E7E1F4FFD90D532B7 /* Pods-leowic-3_Labb5.xcconfig */;
			buildSettings = {
				ASSETCATALOG_COMPILER_APPICON_NAME = AppIcon;
				ASSETCATALOG_COMPILER_LAUNCHIMAGE_NAME = LaunchImage;
				FRAMEWORK_SEARCH_PATHS = "$(inherited)";
				GCC_PRECOMPILE_PREFIX_HEADER = YES;
				GCC_PREFIX_HEADER = "leowic-3_Labb5/leowic-3_Labb5-Prefix.pch";
				INFOPLIST_FILE = "leowic-3_Labb5/leowic-3_Labb5-Info.plist";
				LIBRARY_SEARCH_PATHS = (
					"$(inherited)",
					"$(USER_LIBRARY_DIR)/Developer/Xcode/DerivedData/CoreParse-basupsnckqucnvbcvcypnchrywzf/Build/Products/Release-iphoneos",
				);
				OTHER_LDFLAGS = "-ObjC";
				PRODUCT_NAME = "$(TARGET_NAME)";
				TARGETED_DEVICE_FAMILY = 1;
				WRAPPER_EXTENSION = app;
			};
			name = Release;
		};
		D73FCDEC187557BD00742C26 /* Debug */ = {
			isa = XCBuildConfiguration;
			buildSettings = {
				ARCHS = "$(ARCHS_STANDARD_INCLUDING_64_BIT)";
				BUNDLE_LOADER = "$(BUILT_PRODUCTS_DIR)/leowic-3_Labb5.app/leowic-3_Labb5";
				FRAMEWORK_SEARCH_PATHS = (
					"$(SDKROOT)/Developer/Library/Frameworks",
					"$(inherited)",
					"$(DEVELOPER_FRAMEWORKS_DIR)",
				);
				GCC_PRECOMPILE_PREFIX_HEADER = YES;
				GCC_PREFIX_HEADER = "leowic-3_Labb5/leowic-3_Labb5-Prefix.pch";
				GCC_PREPROCESSOR_DEFINITIONS = (
					"DEBUG=1",
					"$(inherited)",
				);
				INFOPLIST_FILE = "leowic-3_Labb5Tests/leowic-3_Labb5Tests-Info.plist";
				PRODUCT_NAME = "$(TARGET_NAME)";
				TEST_HOST = "$(BUNDLE_LOADER)";
				WRAPPER_EXTENSION = xctest;
			};
			name = Debug;
		};
		D73FCDED187557BD00742C26 /* Release */ = {
			isa = XCBuildConfiguration;
			buildSettings = {
				ARCHS = "$(ARCHS_STANDARD_INCLUDING_64_BIT)";
				BUNDLE_LOADER = "$(BUILT_PRODUCTS_DIR)/leowic-3_Labb5.app/leowic-3_Labb5";
				FRAMEWORK_SEARCH_PATHS = (
					"$(SDKROOT)/Developer/Library/Frameworks",
					"$(inherited)",
					"$(DEVELOPER_FRAMEWORKS_DIR)",
				);
				GCC_PRECOMPILE_PREFIX_HEADER = YES;
				GCC_PREFIX_HEADER = "leowic-3_Labb5/leowic-3_Labb5-Prefix.pch";
				INFOPLIST_FILE = "leowic-3_Labb5Tests/leowic-3_Labb5Tests-Info.plist";
				PRODUCT_NAME = "$(TARGET_NAME)";
				TEST_HOST = "$(BUNDLE_LOADER)";
				WRAPPER_EXTENSION = xctest;
			};
			name = Release;
		};
/* End XCBuildConfiguration section */

/* Begin XCConfigurationList section */
		D73FCDA8187557BC00742C26 /* Build configuration list for PBXProject "leowic-3_Labb5" */ = {
			isa = XCConfigurationList;
			buildConfigurations = (
				D73FCDE6187557BD00742C26 /* Debug */,
				D73FCDE7187557BD00742C26 /* Release */,
			);
			defaultConfigurationIsVisible = 0;
			defaultConfigurationName = Release;
		};
		D73FCDE8187557BD00742C26 /* Build configuration list for PBXNativeTarget "leowic-3_Labb5" */ = {
			isa = XCConfigurationList;
			buildConfigurations = (
				D73FCDE9187557BD00742C26 /* Debug */,
				D73FCDEA187557BD00742C26 /* Release */,
			);
			defaultConfigurationIsVisible = 0;
			defaultConfigurationName = Release;
		};
		D73FCDEB187557BD00742C26 /* Build configuration list for PBXNativeTarget "leowic-3_Labb5Tests" */ = {
			isa = XCConfigurationList;
			buildConfigurations = (
				D73FCDEC187557BD00742C26 /* Debug */,
				D73FCDED187557BD00742C26 /* Release */,
			);
			defaultConfigurationIsVisible = 0;
			defaultConfigurationName = Release;
		};
/* End XCConfigurationList section */

/* Begin XCVersionGroup section */
		D73FCDC7187557BD00742C26 /* leowic_3_Labb5.xcdatamodeld */ = {
			isa = XCVersionGroup;
			children = (
				D73FCDC8187557BD00742C26 /* leowic_3_Labb5.xcdatamodel */,
			);
			currentVersion = D73FCDC8187557BD00742C26 /* leowic_3_Labb5.xcdatamodel */;
			path = leowic_3_Labb5.xcdatamodeld;
			sourceTree = "<group>";
			versionGroupType = wrapper.xcdatamodel;
		};
/* End XCVersionGroup section */
	};
	rootObject = D73FCDA5187557BC00742C26 /* Project object */;
}
